
Microsoft Visual Studio Solution File, Format Version 12.00
# Visual Studio Version 17
VisualStudioVersion = 17.14.36221.1 d17.14
MinimumVisualStudioVersion = 10.0.40219.1
Project("{FAE04EC0-301F-11D3-BF4B-00C04F79EFBC}") = "WebApi", "WebApi\WebApi.csproj", "{C62054A1-25C6-49FC-A6AA-19BE9DA15240}"
EndProject
Global
	GlobalSection(SolutionConfigurationPlatforms) = preSolution
		Debug|Any CPU = Debug|Any CPU
		Release|Any CPU = Release|Any CPU
	EndGlobalSection
	GlobalSection(ProjectConfigurationPlatforms) = postSolution
		{C62054A1-25C6-49FC-A6AA-19BE9DA15240}.Debug|Any CPU.ActiveCfg = Debug|Any CPU
		{C62054A1-25C6-49FC-A6AA-19BE9DA15240}.Debug|Any CPU.Build.0 = Debug|Any CPU
		{C62054A1-25C6-49FC-A6AA-19BE9DA15240}.Release|Any CPU.ActiveCfg = Release|Any CPU
		{C62054A1-25C6-49FC-A6AA-19BE9DA15240}.Release|Any CPU.Build.0 = Release|Any CPU
	EndGlobalSection
	GlobalSection(SolutionProperties) = preSolution
		HideSolutionNode = FALSE
	EndGlobalSection
	GlobalSection(ExtensibilityGlobals) = postSolution
		SolutionGuid = {3FC8D6AB-23FA-4FC4-92B8-6AA20E6F0E26}
	EndGlobalSection
EndGlobal
